
Microsoft Visual Studio Solution File, Format Version 12.00
# Visual Studio Version 17
VisualStudioVersion = 17.5.002.0
MinimumVisualStudioVersion = 10.0.40219.1
Project("{9A19103F-16F7-4668-BE54-9A1E7A4F7556}") = "deployment", "deployment\deployment.csproj", "{008709FD-29E0-4E37-B1C4-25FFC26C50BF}"
EndProject
Global
	GlobalSection(SolutionConfigurationPlatforms) = preSolution
		Debug|Any CPU = Debug|Any CPU
		Release|Any CPU = Release|Any CPU
	EndGlobalSection
	GlobalSection(ProjectConfigurationPlatforms) = postSolution
		{008709FD-29E0-4E37-B1C4-25FFC26C50BF}.Debug|Any CPU.ActiveCfg = Debug|Any CPU
		{008709FD-29E0-4E37-B1C4-25FFC26C50BF}.Debug|Any CPU.Build.0 = Debug|Any CPU
		{008709FD-29E0-4E37-B1C4-25FFC26C50BF}.Release|Any CPU.ActiveCfg = Release|Any CPU
		{008709FD-29E0-4E37-B1C4-25FFC26C50BF}.Release|Any CPU.Build.0 = Release|Any CPU
	EndGlobalSection
	GlobalSection(SolutionProperties) = preSolution
		HideSolutionNode = FALSE
	EndGlobalSection
	GlobalSection(ExtensibilityGlobals) = postSolution
		SolutionGuid = {4667387D-C179-461D-A838-B602257984F8}
	EndGlobalSection
EndGlobal
